
Microsoft Visual Studio Solution File, Format Version 12.00
# Visual Studio Version 16
VisualStudioVersion = 16.0.31005.135
MinimumVisualStudioVersion = 10.0.40219.1
Project("{9A19103F-16F7-4668-BE54-9A1E7A4F7556}") = "SalaryProgram", "SalaryProgram\SalaryProgram.csproj", "{99B5670B-F401-47EB-9D95-7437E29EBF9D}"
EndProject
Project("{FAE04EC0-301F-11D3-BF4B-00C04F79EFBC}") = "SalaryProgramTests", "SalaryProgramTests\SalaryProgramTests.csproj", "{5E59F36C-E6EE-4B28-9579-1920AD76DDE1}"
EndProject
Global
	GlobalSection(SolutionConfigurationPlatforms) = preSolution
		Debug|Any CPU = Debug|Any CPU
		Release|Any CPU = Release|Any CPU
	EndGlobalSection
	GlobalSection(ProjectConfigurationPlatforms) = postSolution
		{99B5670B-F401-47EB-9D95-7437E29EBF9D}.Debug|Any CPU.ActiveCfg = Debug|Any CPU
		{99B5670B-F401-47EB-9D95-7437E29EBF9D}.Debug|Any CPU.Build.0 = Debug|Any CPU
		{99B5670B-F401-47EB-9D95-7437E29EBF9D}.Release|Any CPU.ActiveCfg = Release|Any CPU
		{99B5670B-F401-47EB-9D95-7437E29EBF9D}.Release|Any CPU.Build.0 = Release|Any CPU
		{5E59F36C-E6EE-4B28-9579-1920AD76DDE1}.Debug|Any CPU.ActiveCfg = Debug|Any CPU
		{5E59F36C-E6EE-4B28-9579-1920AD76DDE1}.Debug|Any CPU.Build.0 = Debug|Any CPU
		{5E59F36C-E6EE-4B28-9579-1920AD76DDE1}.Release|Any CPU.ActiveCfg = Release|Any CPU
		{5E59F36C-E6EE-4B28-9579-1920AD76DDE1}.Release|Any CPU.Build.0 = Release|Any CPU
	EndGlobalSection
	GlobalSection(SolutionProperties) = preSolution
		HideSolutionNode = FALSE
	EndGlobalSection
	GlobalSection(ExtensibilityGlobals) = postSolution
		SolutionGuid = {7B55812D-8DBA-4B14-9C3E-32F03A5C3F37}
	EndGlobalSection
EndGlobal
